// !$*UTF8*$!
{
	archiveVersion = 1;
	classes = {
	};
	objectVersion = 50;
	objects = {

/* Begin PBXBuildFile section */
		871C3503256F990100E44895 /* SmallWidget.swift in Sources */ = {isa = PBXBuildFile; fileRef = 871C34FE256F98B900E44895 /* SmallWidget.swift */; };
		871C3511256F99A300E44895 /* MediumWidget.swift in Sources */ = {isa = PBXBuildFile; fileRef = 871C3510256F99A300E44895 /* MediumWidget.swift */; };
		871C3516256FC16100E44895 /* ComplexWidget.swift in Sources */ = {isa = PBXBuildFile; fileRef = 871C3515256FC16100E44895 /* ComplexWidget.swift */; };
		871C351B256FC25400E44895 /* LocationSelection.intentdefinition in Sources */ = {isa = PBXBuildFile; fileRef = 871C351A256FC25400E44895 /* LocationSelection.intentdefinition */; };
		871C3520256FC27100E44895 /* WidgetBundle.swift in Sources */ = {isa = PBXBuildFile; fileRef = 871C351F256FC27100E44895 /* WidgetBundle.swift */; };
		871C352B256FC37B00E44895 /* IntentHandler.swift in Sources */ = {isa = PBXBuildFile; fileRef = 871C352A256FC37B00E44895 /* IntentHandler.swift */; };
		871C352F256FC37B00E44895 /* LocationSelectionIntentExtension.appex in Embed App Extensions */ = {isa = PBXBuildFile; fileRef = 871C3528256FC37B00E44895 /* LocationSelectionIntentExtension.appex */; settings = {ATTRIBUTES = (RemoveHeadersOnCopy, ); }; };
		871C3537256FC38C00E44895 /* LocationSelection.intentdefinition in Sources */ = {isa = PBXBuildFile; fileRef = 871C351A256FC25400E44895 /* LocationSelection.intentdefinition */; };
		875E3D41256AB75900EC142E /* Widgets101App.swift in Sources */ = {isa = PBXBuildFile; fileRef = 875E3D2E256AB75800EC142E /* Widgets101App.swift */; };
		875E3D42256AB75900EC142E /* Widgets101App.swift in Sources */ = {isa = PBXBuildFile; fileRef = 875E3D2E256AB75800EC142E /* Widgets101App.swift */; };
		875E3D43256AB75900EC142E /* ContentView.swift in Sources */ = {isa = PBXBuildFile; fileRef = 875E3D2F256AB75800EC142E /* ContentView.swift */; };
		875E3D44256AB75900EC142E /* ContentView.swift in Sources */ = {isa = PBXBuildFile; fileRef = 875E3D2F256AB75800EC142E /* ContentView.swift */; };
		875E3D45256AB75900EC142E /* Assets.xcassets in Resources */ = {isa = PBXBuildFile; fileRef = 875E3D30256AB75900EC142E /* Assets.xcassets */; };
		875E3D46256AB75900EC142E /* Assets.xcassets in Resources */ = {isa = PBXBuildFile; fileRef = 875E3D30256AB75900EC142E /* Assets.xcassets */; };
		875E3D52256AD31000EC142E /* RKICoronaService.swift in Sources */ = {isa = PBXBuildFile; fileRef = 875E3D51256AD31000EC142E /* RKICoronaService.swift */; };
		875E3D53256AD31000EC142E /* RKICoronaService.swift in Sources */ = {isa = PBXBuildFile; fileRef = 875E3D51256AD31000EC142E /* RKICoronaService.swift */; };
		875E3D5D256ADB2500EC142E /* WidgetKit.framework in Frameworks */ = {isa = PBXBuildFile; fileRef = 875E3D5C256ADB2500EC142E /* WidgetKit.framework */; };
		875E3D5F256ADB2500EC142E /* SwiftUI.framework in Frameworks */ = {isa = PBXBuildFile; fileRef = 875E3D5E256ADB2500EC142E /* SwiftUI.framework */; };
		875E3D62256ADB2500EC142E /* CoronaWidget.swift in Sources */ = {isa = PBXBuildFile; fileRef = 875E3D61256ADB2500EC142E /* CoronaWidget.swift */; };
		875E3D65256ADB2500EC142E /* Assets.xcassets in Resources */ = {isa = PBXBuildFile; fileRef = 875E3D64256ADB2500EC142E /* Assets.xcassets */; };
		875E3D67256ADB2500EC142E /* CoronaWidget.intentdefinition in Sources */ = {isa = PBXBuildFile; fileRef = 875E3D63256ADB2500EC142E /* CoronaWidget.intentdefinition */; };
		875E3D68256ADB2500EC142E /* CoronaWidget.intentdefinition in Sources */ = {isa = PBXBuildFile; fileRef = 875E3D63256ADB2500EC142E /* CoronaWidget.intentdefinition */; };
		875E3D6B256ADB2500EC142E /* CoronaWidgetExtension.appex in Embed App Extensions */ = {isa = PBXBuildFile; fileRef = 875E3D5A256ADB2500EC142E /* CoronaWidgetExtension.appex */; settings = {ATTRIBUTES = (RemoveHeadersOnCopy, ); }; };
		875E3D73256ADB4300EC142E /* RKICoronaService.swift in Sources */ = {isa = PBXBuildFile; fileRef = 875E3D51256AD31000EC142E /* RKICoronaService.swift */; };
/* End PBXBuildFile section */

/* Begin PBXContainerItemProxy section */
		871C352D256FC37B00E44895 /* PBXContainerItemProxy */ = {
			isa = PBXContainerItemProxy;
			containerPortal = 875E3D29256AB75800EC142E /* Project object */;
			proxyType = 1;
			remoteGlobalIDString = 871C3527256FC37B00E44895;
			remoteInfo = LocationSelectionIntentExtension;
		};
		875E3D69256ADB2500EC142E /* PBXContainerItemProxy */ = {
			isa = PBXContainerItemProxy;
			containerPortal = 875E3D29256AB75800EC142E /* Project object */;
			proxyType = 1;
			remoteGlobalIDString = 875E3D59256ADB2500EC142E;
			remoteInfo = CoronaWidgetExtension;
		};
/* End PBXContainerItemProxy section */

/* Begin PBXCopyFilesBuildPhase section */
		875E3D6F256ADB2500EC142E /* Embed App Extensions */ = {
			isa = PBXCopyFilesBuildPhase;
			buildActionMask = 2147483647;
			dstPath = "";
			dstSubfolderSpec = 13;
			files = (
				871C352F256FC37B00E44895 /* LocationSelectionIntentExtension.appex in Embed App Extensions */,
				875E3D6B256ADB2500EC142E /* CoronaWidgetExtension.appex in Embed App Extensions */,
			);
			name = "Embed App Extensions";
			runOnlyForDeploymentPostprocessing = 0;
		};
/* End PBXCopyFilesBuildPhase section */

/* Begin PBXFileReference section */
		871C34FE256F98B900E44895 /* SmallWidget.swift */ = {isa = PBXFileReference; lastKnownFileType = sourcecode.swift; path = SmallWidget.swift; sourceTree = "<group>"; };
		871C3510256F99A300E44895 /* MediumWidget.swift */ = {isa = PBXFileReference; lastKnownFileType = sourcecode.swift; path = MediumWidget.swift; sourceTree = "<group>"; };
		871C3515256FC16100E44895 /* ComplexWidget.swift */ = {isa = PBXFileReference; lastKnownFileType = sourcecode.swift; path = ComplexWidget.swift; sourceTree = "<group>"; };
		871C351A256FC25400E44895 /* LocationSelection.intentdefinition */ = {isa = PBXFileReference; fileEncoding = 4; lastKnownFileType = file.intentdefinition; path = LocationSelection.intentdefinition; sourceTree = "<group>"; };
		871C351F256FC27100E44895 /* WidgetBundle.swift */ = {isa = PBXFileReference; lastKnownFileType = sourcecode.swift; path = WidgetBundle.swift; sourceTree = "<group>"; };
		871C3528256FC37B00E44895 /* LocationSelectionIntentExtension.appex */ = {isa = PBXFileReference; explicitFileType = "wrapper.app-extension"; includeInIndex = 0; path = LocationSelectionIntentExtension.appex; sourceTree = BUILT_PRODUCTS_DIR; };
		871C352A256FC37B00E44895 /* IntentHandler.swift */ = {isa = PBXFileReference; lastKnownFileType = sourcecode.swift; path = IntentHandler.swift; sourceTree = "<group>"; };
		871C352C256FC37B00E44895 /* Info.plist */ = {isa = PBXFileReference; lastKnownFileType = text.plist.xml; path = Info.plist; sourceTree = "<group>"; };
		875E3D2E256AB75800EC142E /* Widgets101App.swift */ = {isa = PBXFileReference; lastKnownFileType = sourcecode.swift; path = Widgets101App.swift; sourceTree = "<group>"; };
		875E3D2F256AB75800EC142E /* ContentView.swift */ = {isa = PBXFileReference; lastKnownFileType = sourcecode.swift; path = ContentView.swift; sourceTree = "<group>"; };
		875E3D30256AB75900EC142E /* Assets.xcassets */ = {isa = PBXFileReference; lastKnownFileType = folder.assetcatalog; path = Assets.xcassets; sourceTree = "<group>"; };
		875E3D35256AB75900EC142E /* Widgets101.app */ = {isa = PBXFileReference; explicitFileType = wrapper.application; includeInIndex = 0; path = Widgets101.app; sourceTree = BUILT_PRODUCTS_DIR; };
		875E3D38256AB75900EC142E /* Info.plist */ = {isa = PBXFileReference; lastKnownFileType = text.plist.xml; path = Info.plist; sourceTree = "<group>"; };
		875E3D3D256AB75900EC142E /* Widgets101.app */ = {isa = PBXFileReference; explicitFileType = wrapper.application; includeInIndex = 0; path = Widgets101.app; sourceTree = BUILT_PRODUCTS_DIR; };
		875E3D3F256AB75900EC142E /* Info.plist */ = {isa = PBXFileReference; lastKnownFileType = text.plist.xml; path = Info.plist; sourceTree = "<group>"; };
		875E3D40256AB75900EC142E /* macOS.entitlements */ = {isa = PBXFileReference; lastKnownFileType = text.plist.entitlements; path = macOS.entitlements; sourceTree = "<group>"; };
		875E3D51256AD31000EC142E /* RKICoronaService.swift */ = {isa = PBXFileReference; lastKnownFileType = sourcecode.swift; path = RKICoronaService.swift; sourceTree = "<group>"; };
		875E3D5A256ADB2500EC142E /* CoronaWidgetExtension.appex */ = {isa = PBXFileReference; explicitFileType = "wrapper.app-extension"; includeInIndex = 0; path = CoronaWidgetExtension.appex; sourceTree = BUILT_PRODUCTS_DIR; };
		875E3D5C256ADB2500EC142E /* WidgetKit.framework */ = {isa = PBXFileReference; lastKnownFileType = wrapper.framework; name = WidgetKit.framework; path = System/Library/Frameworks/WidgetKit.framework; sourceTree = SDKROOT; };
		875E3D5E256ADB2500EC142E /* SwiftUI.framework */ = {isa = PBXFileReference; lastKnownFileType = wrapper.framework; name = SwiftUI.framework; path = System/Library/Frameworks/SwiftUI.framework; sourceTree = SDKROOT; };
		875E3D61256ADB2500EC142E /* CoronaWidget.swift */ = {isa = PBXFileReference; lastKnownFileType = sourcecode.swift; path = CoronaWidget.swift; sourceTree = "<group>"; };
		875E3D63256ADB2500EC142E /* CoronaWidget.intentdefinition */ = {isa = PBXFileReference; lastKnownFileType = file.intentdefinition; path = CoronaWidget.intentdefinition; sourceTree = "<group>"; };
		875E3D64256ADB2500EC142E /* Assets.xcassets */ = {isa = PBXFileReference; lastKnownFileType = folder.assetcatalog; path = Assets.xcassets; sourceTree = "<group>"; };
		875E3D66256ADB2500EC142E /* Info.plist */ = {isa = PBXFileReference; lastKnownFileType = text.plist.xml; path = Info.plist; sourceTree = "<group>"; };
/* End PBXFileReference section */

/* Begin PBXFrameworksBuildPhase section */
		871C3525256FC37B00E44895 /* Frameworks */ = {
			isa = PBXFrameworksBuildPhase;
			buildActionMask = 2147483647;
			files = (
			);
			runOnlyForDeploymentPostprocessing = 0;
		};
		875E3D32256AB75900EC142E /* Frameworks */ = {
			isa = PBXFrameworksBuildPhase;
			buildActionMask = 2147483647;
			files = (
			);
			runOnlyForDeploymentPostprocessing = 0;
		};
		875E3D3A256AB75900EC142E /* Frameworks */ = {
			isa = PBXFrameworksBuildPhase;
			buildActionMask = 2147483647;
			files = (
			);
			runOnlyForDeploymentPostprocessing = 0;
		};
		875E3D57256ADB2500EC142E /* Frameworks */ = {
			isa = PBXFrameworksBuildPhase;
			buildActionMask = 2147483647;
			files = (
				875E3D5F256ADB2500EC142E /* SwiftUI.framework in Frameworks */,
				875E3D5D256ADB2500EC142E /* WidgetKit.framework in Frameworks */,
			);
			runOnlyForDeploymentPostprocessing = 0;
		};
/* End PBXFrameworksBuildPhase section */

/* Begin PBXGroup section */
		871C3529256FC37B00E44895 /* LocationSelectionIntentExtension */ = {
			isa = PBXGroup;
			children = (
				871C352A256FC37B00E44895 /* IntentHandler.swift */,
				871C352C256FC37B00E44895 /* Info.plist */,
			);
			path = LocationSelectionIntentExtension;
			sourceTree = "<group>";
		};
		875E3D28256AB75800EC142E = {
			isa = PBXGroup;
			children = (
				875E3D2D256AB75800EC142E /* Shared */,
				875E3D37256AB75900EC142E /* iOS */,
				875E3D3E256AB75900EC142E /* macOS */,
				875E3D60256ADB2500EC142E /* CoronaWidget */,
				871C3529256FC37B00E44895 /* LocationSelectionIntentExtension */,
				875E3D5B256ADB2500EC142E /* Frameworks */,
				875E3D36256AB75900EC142E /* Products */,
			);
			sourceTree = "<group>";
		};
		875E3D2D256AB75800EC142E /* Shared */ = {
			isa = PBXGroup;
			children = (
				875E3D2E256AB75800EC142E /* Widgets101App.swift */,
				875E3D2F256AB75800EC142E /* ContentView.swift */,
				875E3D30256AB75900EC142E /* Assets.xcassets */,
				875E3D51256AD31000EC142E /* RKICoronaService.swift */,
			);
			path = Shared;
			sourceTree = "<group>";
		};
		875E3D36256AB75900EC142E /* Products */ = {
			isa = PBXGroup;
			children = (
				875E3D35256AB75900EC142E /* Widgets101.app */,
				875E3D3D256AB75900EC142E /* Widgets101.app */,
				875E3D5A256ADB2500EC142E /* CoronaWidgetExtension.appex */,
				871C3528256FC37B00E44895 /* LocationSelectionIntentExtension.appex */,
			);
			name = Products;
			sourceTree = "<group>";
		};
		875E3D37256AB75900EC142E /* iOS */ = {
			isa = PBXGroup;
			children = (
				875E3D38256AB75900EC142E /* Info.plist */,
			);
			path = iOS;
			sourceTree = "<group>";
		};
		875E3D3E256AB75900EC142E /* macOS */ = {
			isa = PBXGroup;
			children = (
				875E3D3F256AB75900EC142E /* Info.plist */,
				875E3D40256AB75900EC142E /* macOS.entitlements */,
			);
			path = macOS;
			sourceTree = "<group>";
		};
		875E3D5B256ADB2500EC142E /* Frameworks */ = {
			isa = PBXGroup;
			children = (
				875E3D5C256ADB2500EC142E /* WidgetKit.framework */,
				875E3D5E256ADB2500EC142E /* SwiftUI.framework */,
			);
			name = Frameworks;
			sourceTree = "<group>";
		};
		875E3D60256ADB2500EC142E /* CoronaWidget */ = {
			isa = PBXGroup;
			children = (
				871C351A256FC25400E44895 /* LocationSelection.intentdefinition */,
				875E3D61256ADB2500EC142E /* CoronaWidget.swift */,
				875E3D63256ADB2500EC142E /* CoronaWidget.intentdefinition */,
				875E3D64256ADB2500EC142E /* Assets.xcassets */,
				875E3D66256ADB2500EC142E /* Info.plist */,
				871C34FE256F98B900E44895 /* SmallWidget.swift */,
				871C3510256F99A300E44895 /* MediumWidget.swift */,
				871C3515256FC16100E44895 /* ComplexWidget.swift */,
				871C351F256FC27100E44895 /* WidgetBundle.swift */,
			);
			path = CoronaWidget;
			sourceTree = "<group>";
		};
/* End PBXGroup section */

/* Begin PBXNativeTarget section */
		871C3527256FC37B00E44895 /* LocationSelectionIntentExtension */ = {
			isa = PBXNativeTarget;
			buildConfigurationList = 871C3530256FC37B00E44895 /* Build configuration list for PBXNativeTarget "LocationSelectionIntentExtension" */;
			buildPhases = (
				871C3524256FC37B00E44895 /* Sources */,
				871C3525256FC37B00E44895 /* Frameworks */,
				871C3526256FC37B00E44895 /* Resources */,
			);
			buildRules = (
			);
			dependencies = (
			);
			name = LocationSelectionIntentExtension;
			productName = LocationSelectionIntentExtension;
			productReference = 871C3528256FC37B00E44895 /* LocationSelectionIntentExtension.appex */;
			productType = "com.apple.product-type.app-extension";
		};
		875E3D34256AB75900EC142E /* Widgets101 (iOS) */ = {
			isa = PBXNativeTarget;
			buildConfigurationList = 875E3D49256AB75900EC142E /* Build configuration list for PBXNativeTarget "Widgets101 (iOS)" */;
			buildPhases = (
				875E3D31256AB75900EC142E /* Sources */,
				875E3D32256AB75900EC142E /* Frameworks */,
				875E3D33256AB75900EC142E /* Resources */,
				875E3D6F256ADB2500EC142E /* Embed App Extensions */,
			);
			buildRules = (
			);
			dependencies = (
				875E3D6A256ADB2500EC142E /* PBXTargetDependency */,
				871C352E256FC37B00E44895 /* PBXTargetDependency */,
			);
			name = "Widgets101 (iOS)";
			productName = "Widgets101 (iOS)";
			productReference = 875E3D35256AB75900EC142E /* Widgets101.app */;
			productType = "com.apple.product-type.application";
		};
		875E3D3C256AB75900EC142E /* Widgets101 (macOS) */ = {
			isa = PBXNativeTarget;
			buildConfigurationList = 875E3D4C256AB75900EC142E /* Build configuration list for PBXNativeTarget "Widgets101 (macOS)" */;
			buildPhases = (
				875E3D39256AB75900EC142E /* Sources */,
				875E3D3A256AB75900EC142E /* Frameworks */,
				875E3D3B256AB75900EC142E /* Resources */,
			);
			buildRules = (
			);
			dependencies = (
			);
			name = "Widgets101 (macOS)";
			productName = "Widgets101 (macOS)";
			productReference = 875E3D3D256AB75900EC142E /* Widgets101.app */;
			productType = "com.apple.product-type.application";
		};
		875E3D59256ADB2500EC142E /* CoronaWidgetExtension */ = {
			isa = PBXNativeTarget;
			buildConfigurationList = 875E3D6C256ADB2500EC142E /* Build configuration list for PBXNativeTarget "CoronaWidgetExtension" */;
			buildPhases = (
				875E3D56256ADB2500EC142E /* Sources */,
				875E3D57256ADB2500EC142E /* Frameworks */,
				875E3D58256ADB2500EC142E /* Resources */,
			);
			buildRules = (
			);
			dependencies = (
			);
			name = CoronaWidgetExtension;
			productName = CoronaWidgetExtension;
			productReference = 875E3D5A256ADB2500EC142E /* CoronaWidgetExtension.appex */;
			productType = "com.apple.product-type.app-extension";
		};
/* End PBXNativeTarget section */

/* Begin PBXProject section */
		875E3D29256AB75800EC142E /* Project object */ = {
			isa = PBXProject;
			attributes = {
				LastSwiftUpdateCheck = 1220;
				LastUpgradeCheck = 1220;
				TargetAttributes = {
					871C3527256FC37B00E44895 = {
						CreatedOnToolsVersion = 12.2;
					};
					875E3D34256AB75900EC142E = {
						CreatedOnToolsVersion = 12.2;
					};
					875E3D3C256AB75900EC142E = {
						CreatedOnToolsVersion = 12.2;
					};
					875E3D59256ADB2500EC142E = {
						CreatedOnToolsVersion = 12.2;
					};
				};
			};
			buildConfigurationList = 875E3D2C256AB75800EC142E /* Build configuration list for PBXProject "Widgets101" */;
			compatibilityVersion = "Xcode 9.3";
			developmentRegion = en;
			hasScannedForEncodings = 0;
			knownRegions = (
				en,
				Base,
			);
			mainGroup = 875E3D28256AB75800EC142E;
			productRefGroup = 875E3D36256AB75900EC142E /* Products */;
			projectDirPath = "";
			projectRoot = "";
			targets = (
				875E3D34256AB75900EC142E /* Widgets101 (iOS) */,
				875E3D3C256AB75900EC142E /* Widgets101 (macOS) */,
				875E3D59256ADB2500EC142E /* CoronaWidgetExtension */,
				871C3527256FC37B00E44895 /* LocationSelectionIntentExtension */,
			);
		};
/* End PBXProject section */

/* Begin PBXResourcesBuildPhase section */
		871C3526256FC37B00E44895 /* Resources */ = {
			isa = PBXResourcesBuildPhase;
			buildActionMask = 2147483647;
			files = (
			);
			runOnlyForDeploymentPostprocessing = 0;
		};
		875E3D33256AB75900EC142E /* Resources */ = {
			isa = PBXResourcesBuildPhase;
			buildActionMask = 2147483647;
			files = (
				875E3D45256AB75900EC142E /* Assets.xcassets in Resources */,
			);
			runOnlyForDeploymentPostprocessing = 0;
		};
		875E3D3B256AB75900EC142E /* Resources */ = {
			isa = PBXResourcesBuildPhase;
			buildActionMask = 2147483647;
			files = (
				875E3D46256AB75900EC142E /* Assets.xcassets in Resources */,
			);
			runOnlyForDeploymentPostprocessing = 0;
		};
		875E3D58256ADB2500EC142E /* Resources */ = {
			isa = PBXResourcesBuildPhase;
			buildActionMask = 2147483647;
			files = (
				875E3D65256ADB2500EC142E /* Assets.xcassets in Resources */,
			);
			runOnlyForDeploymentPostprocessing = 0;
		};
/* End PBXResourcesBuildPhase section */

/* Begin PBXSourcesBuildPhase section */
		871C3524256FC37B00E44895 /* Sources */ = {
			isa = PBXSourcesBuildPhase;
			buildActionMask = 2147483647;
			files = (
				871C3537256FC38C00E44895 /* LocationSelection.intentdefinition in Sources */,
				871C352B256FC37B00E44895 /* IntentHandler.swift in Sources */,
			);
			runOnlyForDeploymentPostprocessing = 0;
		};
		875E3D31256AB75900EC142E /* Sources */ = {
			isa = PBXSourcesBuildPhase;
			buildActionMask = 2147483647;
			files = (
				875E3D68256ADB2500EC142E /* CoronaWidget.intentdefinition in Sources */,
				875E3D52256AD31000EC142E /* RKICoronaService.swift in Sources */,
				875E3D43256AB75900EC142E /* ContentView.swift in Sources */,
				875E3D41256AB75900EC142E /* Widgets101App.swift in Sources */,
			);
			runOnlyForDeploymentPostprocessing = 0;
		};
		875E3D39256AB75900EC142E /* Sources */ = {
			isa = PBXSourcesBuildPhase;
			buildActionMask = 2147483647;
			files = (
				875E3D53256AD31000EC142E /* RKICoronaService.swift in Sources */,
				875E3D44256AB75900EC142E /* ContentView.swift in Sources */,
				875E3D42256AB75900EC142E /* Widgets101App.swift in Sources */,
			);
			runOnlyForDeploymentPostprocessing = 0;
		};
		875E3D56256ADB2500EC142E /* Sources */ = {
			isa = PBXSourcesBuildPhase;
			buildActionMask = 2147483647;
			files = (
				875E3D73256ADB4300EC142E /* RKICoronaService.swift in Sources */,
				871C3511256F99A300E44895 /* MediumWidget.swift in Sources */,
				871C3503256F990100E44895 /* SmallWidget.swift in Sources */,
				871C3520256FC27100E44895 /* WidgetBundle.swift in Sources */,
				875E3D67256ADB2500EC142E /* CoronaWidget.intentdefinition in Sources */,
				871C3516256FC16100E44895 /* ComplexWidget.swift in Sources */,
				875E3D62256ADB2500EC142E /* CoronaWidget.swift in Sources */,
				871C351B256FC25400E44895 /* LocationSelection.intentdefinition in Sources */,
			);
			runOnlyForDeploymentPostprocessing = 0;
		};
/* End PBXSourcesBuildPhase section */

/* Begin PBXTargetDependency section */
		871C352E256FC37B00E44895 /* PBXTargetDependency */ = {
			isa = PBXTargetDependency;
			target = 871C3527256FC37B00E44895 /* LocationSelectionIntentExtension */;
			targetProxy = 871C352D256FC37B00E44895 /* PBXContainerItemProxy */;
		};
		875E3D6A256ADB2500EC142E /* PBXTargetDependency */ = {
			isa = PBXTargetDependency;
			target = 875E3D59256ADB2500EC142E /* CoronaWidgetExtension */;
			targetProxy = 875E3D69256ADB2500EC142E /* PBXContainerItemProxy */;
		};
/* End PBXTargetDependency section */

/* Begin XCBuildConfiguration section */
		871C3531256FC37B00E44895 /* Debug */ = {
			isa = XCBuildConfiguration;
			buildSettings = {
				CODE_SIGN_STYLE = Automatic;
				DEVELOPMENT_TEAM = MFRY9RPA96;
				INFOPLIST_FILE = LocationSelectionIntentExtension/Info.plist;
				IPHONEOS_DEPLOYMENT_TARGET = 14.2;
				LD_RUNPATH_SEARCH_PATHS = (
					"$(inherited)",
					"@executable_path/Frameworks",
					"@executable_path/../../Frameworks",
				);
				PRODUCT_BUNDLE_IDENTIFIER = com.fifteenjugglers.Widgets101.LocationSelectionIntentExtension;
				PRODUCT_NAME = "$(TARGET_NAME)";
				SDKROOT = iphoneos;
				SKIP_INSTALL = YES;
				SWIFT_VERSION = 5.0;
				TARGETED_DEVICE_FAMILY = "1,2";
			};
			name = Debug;
		};
		871C3532256FC37B00E44895 /* Release */ = {
			isa = XCBuildConfiguration;
			buildSettings = {
				CODE_SIGN_STYLE = Automatic;
				DEVELOPMENT_TEAM = MFRY9RPA96;
				INFOPLIST_FILE = LocationSelectionIntentExtension/Info.plist;
				IPHONEOS_DEPLOYMENT_TARGET = 14.2;
				LD_RUNPATH_SEARCH_PATHS = (
					"$(inherited)",
					"@executable_path/Frameworks",
					"@executable_path/../../Frameworks",
				);
				PRODUCT_BUNDLE_IDENTIFIER = com.fifteenjugglers.Widgets101.LocationSelectionIntentExtension;
				PRODUCT_NAME = "$(TARGET_NAME)";
				SDKROOT = iphoneos;
				SKIP_INSTALL = YES;
				SWIFT_VERSION = 5.0;
				TARGETED_DEVICE_FAMILY = "1,2";
				VALIDATE_PRODUCT = YES;
			};
			name = Release;
		};
		875E3D47256AB75900EC142E /* Debug */ = {
			isa = XCBuildConfiguration;
			buildSettings = {
				ALWAYS_SEARCH_USER_PATHS = NO;
				CLANG_ANALYZER_NONNULL = YES;
				CLANG_ANALYZER_NUMBER_OBJECT_CONVERSION = YES_AGGRESSIVE;
				CLANG_CXX_LANGUAGE_STANDARD = "gnu++14";
				CLANG_CXX_LIBRARY = "libc++";
				CLANG_ENABLE_MODULES = YES;
				CLANG_ENABLE_OBJC_ARC = YES;
				CLANG_ENABLE_OBJC_WEAK = YES;
				CLANG_WARN_BLOCK_CAPTURE_AUTORELEASING = YES;
				CLANG_WARN_BOOL_CONVERSION = YES;
				CLANG_WARN_COMMA = YES;
				CLANG_WARN_CONSTANT_CONVERSION = YES;
				CLANG_WARN_DEPRECATED_OBJC_IMPLEMENTATIONS = YES;
				CLANG_WARN_DIRECT_OBJC_ISA_USAGE = YES_ERROR;
				CLANG_WARN_DOCUMENTATION_COMMENTS = YES;
				CLANG_WARN_EMPTY_BODY = YES;
				CLANG_WARN_ENUM_CONVERSION = YES;
				CLANG_WARN_INFINITE_RECURSION = YES;
				CLANG_WARN_INT_CONVERSION = YES;
				CLANG_WARN_NON_LITERAL_NULL_CONVERSION = YES;
				CLANG_WARN_OBJC_IMPLICIT_RETAIN_SELF = YES;
				CLANG_WARN_OBJC_LITERAL_CONVERSION = YES;
				CLANG_WARN_OBJC_ROOT_CLASS = YES_ERROR;
				CLANG_WARN_QUOTED_INCLUDE_IN_FRAMEWORK_HEADER = YES;
				CLANG_WARN_RANGE_LOOP_ANALYSIS = YES;
				CLANG_WARN_STRICT_PROTOTYPES = YES;
				CLANG_WARN_SUSPICIOUS_MOVE = YES;
				CLANG_WARN_UNGUARDED_AVAILABILITY = YES_AGGRESSIVE;
				CLANG_WARN_UNREACHABLE_CODE = YES;
				CLANG_WARN__DUPLICATE_METHOD_MATCH = YES;
				COPY_PHASE_STRIP = NO;
				DEBUG_INFORMATION_FORMAT = dwarf;
				ENABLE_STRICT_OBJC_MSGSEND = YES;
				ENABLE_TESTABILITY = YES;
				GCC_C_LANGUAGE_STANDARD = gnu11;
				GCC_DYNAMIC_NO_PIC = NO;
				GCC_NO_COMMON_BLOCKS = YES;
				GCC_OPTIMIZATION_LEVEL = 0;
				GCC_PREPROCESSOR_DEFINITIONS = (
					"DEBUG=1",
					"$(inherited)",
				);
				GCC_WARN_64_TO_32_BIT_CONVERSION = YES;
				GCC_WARN_ABOUT_RETURN_TYPE = YES_ERROR;
				GCC_WARN_UNDECLARED_SELECTOR = YES;
				GCC_WARN_UNINITIALIZED_AUTOS = YES_AGGRESSIVE;
				GCC_WARN_UNUSED_FUNCTION = YES;
				GCC_WARN_UNUSED_VARIABLE = YES;
				MTL_ENABLE_DEBUG_INFO = INCLUDE_SOURCE;
				MTL_FAST_MATH = YES;
				ONLY_ACTIVE_ARCH = YES;
				SWIFT_ACTIVE_COMPILATION_CONDITIONS = DEBUG;
				SWIFT_OPTIMIZATION_LEVEL = "-Onone";
			};
			name = Debug;
		};
		875E3D48256AB75900EC142E /* Release */ = {
			isa = XCBuildConfiguration;
			buildSettings = {
				ALWAYS_SEARCH_USER_PATHS = NO;
				CLANG_ANALYZER_NONNULL = YES;
				CLANG_ANALYZER_NUMBER_OBJECT_CONVERSION = YES_AGGRESSIVE;
				CLANG_CXX_LANGUAGE_STANDARD = "gnu++14";
				CLANG_CXX_LIBRARY = "libc++";
				CLANG_ENABLE_MODULES = YES;
				CLANG_ENABLE_OBJC_ARC = YES;
				CLANG_ENABLE_OBJC_WEAK = YES;
				CLANG_WARN_BLOCK_CAPTURE_AUTORELEASING = YES;
				CLANG_WARN_BOOL_CONVERSION = YES;
				CLANG_WARN_COMMA = YES;
				CLANG_WARN_CONSTANT_CONVERSION = YES;
				CLANG_WARN_DEPRECATED_OBJC_IMPLEMENTATIONS = YES;
				CLANG_WARN_DIRECT_OBJC_ISA_USAGE = YES_ERROR;
				CLANG_WARN_DOCUMENTATION_COMMENTS = YES;
				CLANG_WARN_EMPTY_BODY = YES;
				CLANG_WARN_ENUM_CONVERSION = YES;
				CLANG_WARN_INFINITE_RECURSION = YES;
				CLANG_WARN_INT_CONVERSION = YES;
				CLANG_WARN_NON_LITERAL_NULL_CONVERSION = YES;
				CLANG_WARN_OBJC_IMPLICIT_RETAIN_SELF = YES;
				CLANG_WARN_OBJC_LITERAL_CONVERSION = YES;
				CLANG_WARN_OBJC_ROOT_CLASS = YES_ERROR;
				CLANG_WARN_QUOTED_INCLUDE_IN_FRAMEWORK_HEADER = YES;
				CLANG_WARN_RANGE_LOOP_ANALYSIS = YES;
				CLANG_WARN_STRICT_PROTOTYPES = YES;
				CLANG_WARN_SUSPICIOUS_MOVE = YES;
				CLANG_WARN_UNGUARDED_AVAILABILITY = YES_AGGRESSIVE;
				CLANG_WARN_UNREACHABLE_CODE = YES;
				CLANG_WARN__DUPLICATE_METHOD_MATCH = YES;
				COPY_PHASE_STRIP = NO;
				DEBUG_INFORMATION_FORMAT = "dwarf-with-dsym";
				ENABLE_NS_ASSERTIONS = NO;
				ENABLE_STRICT_OBJC_MSGSEND = YES;
				GCC_C_LANGUAGE_STANDARD = gnu11;
				GCC_NO_COMMON_BLOCKS = YES;
				GCC_WARN_64_TO_32_BIT_CONVERSION = YES;
				GCC_WARN_ABOUT_RETURN_TYPE = YES_ERROR;
				GCC_WARN_UNDECLARED_SELECTOR = YES;
				GCC_WARN_UNINITIALIZED_AUTOS = YES_AGGRESSIVE;
				GCC_WARN_UNUSED_FUNCTION = YES;
				GCC_WARN_UNUSED_VARIABLE = YES;
				MTL_ENABLE_DEBUG_INFO = NO;
				MTL_FAST_MATH = YES;
				SWIFT_COMPILATION_MODE = wholemodule;
				SWIFT_OPTIMIZATION_LEVEL = "-O";
			};
			name = Release;
		};
		875E3D4A256AB75900EC142E /* Debug */ = {
			isa = XCBuildConfiguration;
			buildSettings = {
				ALWAYS_EMBED_SWIFT_STANDARD_LIBRARIES = YES;
				ASSETCATALOG_COMPILER_APPICON_NAME = AppIcon;
				ASSETCATALOG_COMPILER_GLOBAL_ACCENT_COLOR_NAME = AccentColor;
				CODE_SIGN_STYLE = Automatic;
				DEVELOPMENT_TEAM = MFRY9RPA96;
				ENABLE_PREVIEWS = YES;
				INFOPLIST_FILE = iOS/Info.plist;
				IPHONEOS_DEPLOYMENT_TARGET = 14.0;
				LD_RUNPATH_SEARCH_PATHS = (
					"$(inherited)",
					"@executable_path/Frameworks",
				);
				PRODUCT_BUNDLE_IDENTIFIER = com.fifteenjugglers.Widgets101;
				PRODUCT_NAME = Widgets101;
				SDKROOT = iphoneos;
				SWIFT_VERSION = 5.0;
				TARGETED_DEVICE_FAMILY = "1,2";
			};
			name = Debug;
		};
		875E3D4B256AB75900EC142E /* Release */ = {
			isa = XCBuildConfiguration;
			buildSettings = {
				ALWAYS_EMBED_SWIFT_STANDARD_LIBRARIES = YES;
				ASSETCATALOG_COMPILER_APPICON_NAME = AppIcon;
				ASSETCATALOG_COMPILER_GLOBAL_ACCENT_COLOR_NAME = AccentColor;
				CODE_SIGN_STYLE = Automatic;
				DEVELOPMENT_TEAM = MFRY9RPA96;
				ENABLE_PREVIEWS = YES;
				INFOPLIST_FILE = iOS/Info.plist;
				IPHONEOS_DEPLOYMENT_TARGET = 14.0;
				LD_RUNPATH_SEARCH_PATHS = (
					"$(inherited)",
					"@executable_path/Frameworks",
				);
				PRODUCT_BUNDLE_IDENTIFIER = com.fifteenjugglers.Widgets101;
				PRODUCT_NAME = Widgets101;
				SDKROOT = iphoneos;
				SWIFT_VERSION = 5.0;
				TARGETED_DEVICE_FAMILY = "1,2";
				VALIDATE_PRODUCT = YES;
			};
			name = Release;
		};
		875E3D4D256AB75900EC142E /* Debug */ = {
			isa = XCBuildConfiguration;
			buildSettings = {
				ASSETCATALOG_COMPILER_APPICON_NAME = AppIcon;
				ASSETCATALOG_COMPILER_GLOBAL_ACCENT_COLOR_NAME = AccentColor;
				CODE_SIGN_ENTITLEMENTS = macOS/macOS.entitlements;
				CODE_SIGN_STYLE = Automatic;
				COMBINE_HIDPI_IMAGES = YES;
				DEVELOPMENT_TEAM = MFRY9RPA96;
				ENABLE_HARDENED_RUNTIME = YES;
				ENABLE_PREVIEWS = YES;
				INFOPLIST_FILE = macOS/Info.plist;
				LD_RUNPATH_SEARCH_PATHS = (
					"$(inherited)",
					"@executable_path/../Frameworks",
				);
				MACOSX_DEPLOYMENT_TARGET = 11.0;
				PRODUCT_BUNDLE_IDENTIFIER = com.fifteenjugglers.Widgets101;
				PRODUCT_NAME = Widgets101;
				SDKROOT = macosx;
				SWIFT_VERSION = 5.0;
			};
			name = Debug;
		};
		875E3D4E256AB75900EC142E /* Release */ = {
			isa = XCBuildConfiguration;
			buildSettings = {
				ASSETCATALOG_COMPILER_APPICON_NAME = AppIcon;
				ASSETCATALOG_COMPILER_GLOBAL_ACCENT_COLOR_NAME = AccentColor;
				CODE_SIGN_ENTITLEMENTS = macOS/macOS.entitlements;
				CODE_SIGN_STYLE = Automatic;
				COMBINE_HIDPI_IMAGES = YES;
				DEVELOPMENT_TEAM = MFRY9RPA96;
				ENABLE_HARDENED_RUNTIME = YES;
				ENABLE_PREVIEWS = YES;
				INFOPLIST_FILE = macOS/Info.plist;
				LD_RUNPATH_SEARCH_PATHS = (
					"$(inherited)",
					"@executable_path/../Frameworks",
				);
				MACOSX_DEPLOYMENT_TARGET = 11.0;
				PRODUCT_BUNDLE_IDENTIFIER = com.fifteenjugglers.Widgets101;
				PRODUCT_NAME = Widgets101;
				SDKROOT = macosx;
				SWIFT_VERSION = 5.0;
			};
			name = Release;
		};
		875E3D6D256ADB2500EC142E /* Debug */ = {
			isa = XCBuildConfiguration;
			buildSettings = {
				ASSETCATALOG_COMPILER_GLOBAL_ACCENT_COLOR_NAME = AccentColor;
				ASSETCATALOG_COMPILER_WIDGET_BACKGROUND_COLOR_NAME = WidgetBackground;
				CODE_SIGN_STYLE = Automatic;
				DEVELOPMENT_TEAM = MFRY9RPA96;
				INFOPLIST_FILE = CoronaWidget/Info.plist;
				IPHONEOS_DEPLOYMENT_TARGET = 14.2;
				LD_RUNPATH_SEARCH_PATHS = (
					"$(inherited)",
					"@executable_path/Frameworks",
					"@executable_path/../../Frameworks",
				);
				PRODUCT_BUNDLE_IDENTIFIER = com.fifteenjugglers.Widgets101.CoronaWidget;
				PRODUCT_NAME = "$(TARGET_NAME)";
				SDKROOT = iphoneos;
				SKIP_INSTALL = YES;
				SWIFT_VERSION = 5.0;
				TARGETED_DEVICE_FAMILY = "1,2";
			};
			name = Debug;
		};
		875E3D6E256ADB2500EC142E /* Release */ = {
			isa = XCBuildConfiguration;
			buildSettings = {
				ASSETCATALOG_COMPILER_GLOBAL_ACCENT_COLOR_NAME = AccentColor;
				ASSETCATALOG_COMPILER_WIDGET_BACKGROUND_COLOR_NAME = WidgetBackground;
				CODE_SIGN_STYLE = Automatic;
				DEVELOPMENT_TEAM = MFRY9RPA96;
				INFOPLIST_FILE = CoronaWidget/Info.plist;
				IPHONEOS_DEPLOYMENT_TARGET = 14.2;
				LD_RUNPATH_SEARCH_PATHS = (
					"$(inherited)",
					"@executable_path/Frameworks",
					"@executable_path/../../Frameworks",
				);
				PRODUCT_BUNDLE_IDENTIFIER = com.fifteenjugglers.Widgets101.CoronaWidget;
				PRODUCT_NAME = "$(TARGET_NAME)";
				SDKROOT = iphoneos;
				SKIP_INSTALL = YES;
				SWIFT_VERSION = 5.0;
				TARGETED_DEVICE_FAMILY = "1,2";
				VALIDATE_PRODUCT = YES;
			};
			name = Release;
		};
/* End XCBuildConfiguration section */

/* Begin XCConfigurationList section */
		871C3530256FC37B00E44895 /* Build configuration list for PBXNativeTarget "LocationSelectionIntentExtension" */ = {
			isa = XCConfigurationList;
			buildConfigurations = (
				871C3531256FC37B00E44895 /* Debug */,
				871C3532256FC37B00E44895 /* Release */,
			);
			defaultConfigurationIsVisible = 0;
			defaultConfigurationName = Release;
		};
		875E3D2C256AB75800EC142E /* Build configuration list for PBXProject "Widgets101" */ = {
			isa = XCConfigurationList;
			buildConfigurations = (
				875E3D47256AB75900EC142E /* Debug */,
				875E3D48256AB75900EC142E /* Release */,
			);
			defaultConfigurationIsVisible = 0;
			defaultConfigurationName = Release;
		};
		875E3D49256AB75900EC142E /* Build configuration list for PBXNativeTarget "Widgets101 (iOS)" */ = {
			isa = XCConfigurationList;
			buildConfigurations = (
				875E3D4A256AB75900EC142E /* Debug */,
				875E3D4B256AB75900EC142E /* Release */,
			);
			defaultConfigurationIsVisible = 0;
			defaultConfigurationName = Release;
		};
		875E3D4C256AB75900EC142E /* Build configuration list for PBXNativeTarget "Widgets101 (macOS)" */ = {
			isa = XCConfigurationList;
			buildConfigurations = (
				875E3D4D256AB75900EC142E /* Debug */,
				875E3D4E256AB75900EC142E /* Release */,
			);
			defaultConfigurationIsVisible = 0;
			defaultConfigurationName = Release;
		};
		875E3D6C256ADB2500EC142E /* Build configuration list for PBXNativeTarget "CoronaWidgetExtension" */ = {
			isa = XCConfigurationList;
			buildConfigurations = (
				875E3D6D256ADB2500EC142E /* Debug */,
				875E3D6E256ADB2500EC142E /* Release */,
			);
			defaultConfigurationIsVisible = 0;
			defaultConfigurationName = Release;
		};
/* End XCConfigurationList section */
	};
	rootObject = 875E3D29256AB75800EC142E /* Project object */;
}
